id: RF_Comm_Rain_Loss
label: Rain Loss
category: '[RF Communication]'

templates:
  imports: import RF_Comm
  make: RF_Comm.Rain_Loss(${linkLen} ,${prep})
  callbacks:
  - set_LinkLen(${linkLen})
  - set_Prep(${prep})

#  Make one 'parameters' list entry for every parameter you want settable from the GUI.
#     Keys include:
#     * id (makes the value accessible as \$keyname, e.g. in the make entry)
#     * label (label shown in the GUI)
#     * dtype (e.g. int, float, complex, byte, short, xxx_vector, ...)
parameters:
- id: linkLen
  label: Link length (m)
  dtype: float
  default: 100
- id: prep
  label: precipitation rate (mm/h)
  dtype: float
  default: 64.8


asserts:
  - ${ linkLen > 0 }
  - ${ prep >= 0 }


#  Make one 'inputs' list entry per input and one 'outputs' list entry per output.
#  Keys include:
#      * label (an identifier for the GUI)
#      * domain (optional - stream or message. Default is stream)
#      * dtype (e.g. int, float, complex, byte, short, xxx_vector, ...)
#      * vlen (optional - data stream vector length. Default is 1)
#      * optional (optional - set to 1 for optional inputs. Default is 0)
inputs:
- label: in
  dtype: float

outputs:
- label: out
  dtype: float
- label: loss
  dtype: float
  optional: 1


#  'file_format' specifies the version of the GRC yml format used in the file
#  and should usually not be changed.
file_format: 1
